
Microsoft Visual Studio Solution File, Format Version 12.00
# Visual Studio Version 17
VisualStudioVersion = 17.9.34622.214
MinimumVisualStudioVersion = 10.0.40219.1
Project("{9A19103F-16F7-4668-BE54-9A1E7A4F7556}") = "ChallengeApp", "ChallengeApp\ChallengeApp.csproj", "{C76BEC2F-36E7-47A7-A8A6-D50801A6F1A1}"
EndProject
Project("{FAE04EC0-301F-11D3-BF4B-00C04F79EFBC}") = "ChallengeApp.Tests", "ChallengeApp.Tests\ChallengeApp.Tests.csproj", "{83DF3E12-EA72-4792-AC24-8DB37A6D10A8}"
EndProject
Global
	GlobalSection(SolutionConfigurationPlatforms) = preSolution
		Debug|Any CPU = Debug|Any CPU
		Release|Any CPU = Release|Any CPU
	EndGlobalSection
	GlobalSection(ProjectConfigurationPlatforms) = postSolution
		{C76BEC2F-36E7-47A7-A8A6-D50801A6F1A1}.Debug|Any CPU.ActiveCfg = Debug|Any CPU
		{C76BEC2F-36E7-47A7-A8A6-D50801A6F1A1}.Debug|Any CPU.Build.0 = Debug|Any CPU
		{C76BEC2F-36E7-47A7-A8A6-D50801A6F1A1}.Release|Any CPU.ActiveCfg = Release|Any CPU
		{C76BEC2F-36E7-47A7-A8A6-D50801A6F1A1}.Release|Any CPU.Build.0 = Release|Any CPU
		{83DF3E12-EA72-4792-AC24-8DB37A6D10A8}.Debug|Any CPU.ActiveCfg = Debug|Any CPU
		{83DF3E12-EA72-4792-AC24-8DB37A6D10A8}.Debug|Any CPU.Build.0 = Debug|Any CPU
		{83DF3E12-EA72-4792-AC24-8DB37A6D10A8}.Release|Any CPU.ActiveCfg = Release|Any CPU
		{83DF3E12-EA72-4792-AC24-8DB37A6D10A8}.Release|Any CPU.Build.0 = Release|Any CPU
	EndGlobalSection
	GlobalSection(SolutionProperties) = preSolution
		HideSolutionNode = FALSE
	EndGlobalSection
	GlobalSection(ExtensibilityGlobals) = postSolution
		SolutionGuid = {9B1D4F12-6E95-438D-ACB6-9BBB50FA6B5B}
	EndGlobalSection
EndGlobal
